{
  "name": "lt-assistant-frontend-vanilla",
  "version": "0.0.0",
  "lockfileVersion": 3,
  "requires": true,
  "packages": {
    "": {
      "name": "lt-assistant-frontend-vanilla",
      "version": "0.0.0",
      "devDependencies": {},
      "engines": {
        "note": "No Node.js required - runs in any browser with a simple HTTP server"
      }
    }
  }
}
